
Microsoft Visual Studio Solution File, Format Version 12.00
# Visual Studio Version 17
VisualStudioVersion = 17.2.32505.173
MinimumVisualStudioVersion = 10.0.40219.1
Project("{FAE04EC0-301F-11D3-BF4B-00C04F79EFBC}") = "ProjectD ChengetaWildlife", "ProjectD ChengetaWildlife\ProjectD ChengetaWildlife.csproj", "{14DD0D37-7EA1-4298-AA19-F23B42CDD6BD}"
EndProject
Global
	GlobalSection(SolutionConfigurationPlatforms) = preSolution
		Debug|Any CPU = Debug|Any CPU
		Release|Any CPU = Release|Any CPU
	EndGlobalSection
	GlobalSection(ProjectConfigurationPlatforms) = postSolution
		{14DD0D37-7EA1-4298-AA19-F23B42CDD6BD}.Debug|Any CPU.ActiveCfg = Debug|Any CPU
		{14DD0D37-7EA1-4298-AA19-F23B42CDD6BD}.Debug|Any CPU.Build.0 = Debug|Any CPU
		{14DD0D37-7EA1-4298-AA19-F23B42CDD6BD}.Release|Any CPU.ActiveCfg = Release|Any CPU
		{14DD0D37-7EA1-4298-AA19-F23B42CDD6BD}.Release|Any CPU.Build.0 = Release|Any CPU
	EndGlobalSection
	GlobalSection(SolutionProperties) = preSolution
		HideSolutionNode = FALSE
	EndGlobalSection
	GlobalSection(ExtensibilityGlobals) = postSolution
		SolutionGuid = {ECB7F724-EB46-4AE3-A013-B14DAF8E8888}
	EndGlobalSection
EndGlobal
